{
	"name": "thinkex-liteparse-container",
	"lockfileVersion": 3,
	"requires": true,
	"packages": {
		"": {
			"name": "thinkex-liteparse-container",
			"dependencies": {
				"@llamaindex/liteparse": "2.5.1"
			}
		},
		"node_modules/@llamaindex/liteparse": {
			"version": "2.5.1",
			"resolved": "https://registry.npmjs.org/@llamaindex/liteparse/-/liteparse-2.5.1.tgz",
			"integrity": "sha512-El2QJUimxKsdNG+sqdnltc27zFAtQUBflyeITHFI9Qrz67lBOjulyBE2hUvECfegioqWzqHwAaphblbXxgL8SQ==",
			"license": "Apache-2.0",
			"dependencies": {
				"commander": "^12.0.0"
			},
			"bin": {
				"lit": "dist/cli.js",
				"liteparse": "dist/cli.js"
			},
			"engines": {
				"node": ">=18.0.0"
			},
			"optionalDependencies": {
				"@llamaindex/liteparse-darwin-arm64": "2.5.1",
				"@llamaindex/liteparse-darwin-x64": "2.5.1",
				"@llamaindex/liteparse-linux-arm64-gnu": "2.5.1",
				"@llamaindex/liteparse-linux-x64-gnu": "2.5.1",
				"@llamaindex/liteparse-linux-x64-musl": "2.5.1",
				"@llamaindex/liteparse-win32-arm64-msvc": "2.5.1",
				"@llamaindex/liteparse-win32-x64-msvc": "2.5.1"
			}
		},
		"node_modules/@llamaindex/liteparse-darwin-arm64": {
			"version": "2.5.1",
			"resolved": "https://registry.npmjs.org/@llamaindex/liteparse-darwin-arm64/-/liteparse-darwin-arm64-2.5.1.tgz",
			"integrity": "sha512-+DRoudhLqw0Hgl4zjS103d6CLR8T7Dn8yZeVp3cTp5fQ9DRQk9goL8mgRwmIl9UkYvWyOptP1zPTgI1xfKgd9g==",
			"cpu": [
				"arm64"
			],
			"license": "Apache-2.0",
			"optional": true,
			"os": [
				"darwin"
			]
		},
		"node_modules/@llamaindex/liteparse-darwin-x64": {
			"version": "2.5.1",
			"resolved": "https://registry.npmjs.org/@llamaindex/liteparse-darwin-x64/-/liteparse-darwin-x64-2.5.1.tgz",
			"integrity": "sha512-4XDJD8F3R4d2hbfHQLk/bAizYPOySWMBY11SlXTv+VW34rbl6zvd8d/739JlKauFvemx8Cs8kPYlyhz9MVkXSg==",
			"cpu": [
				"x64"
			],
			"license": "Apache-2.0",
			"optional": true,
			"os": [
				"darwin"
			]
		},
		"node_modules/@llamaindex/liteparse-linux-arm64-gnu": {
			"version": "2.5.1",
			"resolved": "https://registry.npmjs.org/@llamaindex/liteparse-linux-arm64-gnu/-/liteparse-linux-arm64-gnu-2.5.1.tgz",
			"integrity": "sha512-CQd++tiLV2coB1EGtv4wysJIEU8N62g76abYTA3oBf1Kpatphj312VgUn5If68E9/ziQXp2ZgZ+tf7IhLt6jwQ==",
			"cpu": [
				"arm64"
			],
			"libc": [
				"glibc"
			],
			"license": "Apache-2.0",
			"optional": true,
			"os": [
				"linux"
			]
		},
		"node_modules/@llamaindex/liteparse-linux-x64-gnu": {
			"version": "2.5.1",
			"resolved": "https://registry.npmjs.org/@llamaindex/liteparse-linux-x64-gnu/-/liteparse-linux-x64-gnu-2.5.1.tgz",
			"integrity": "sha512-oYCEhpUYznx+A7z5Ag8XeHjAGfirm/OE8HDEO4UWs/bx0bHx5mUUZyFf7DeCyYsLqaEOcKUmJ+2wtumg1dmzGA==",
			"cpu": [
				"x64"
			],
			"libc": [
				"glibc"
			],
			"license": "Apache-2.0",
			"optional": true,
			"os": [
				"linux"
			]
		},
		"node_modules/@llamaindex/liteparse-linux-x64-musl": {
			"version": "2.5.1",
			"resolved": "https://registry.npmjs.org/@llamaindex/liteparse-linux-x64-musl/-/liteparse-linux-x64-musl-2.5.1.tgz",
			"integrity": "sha512-tiOWwjuf2DmJTFBasHli+yodFxl0mx4ugoy3ttncA374hGTAtRrAOxcr9NF8icC7NJ0dh5bqd1ymYkt/Z6N3uA==",
			"cpu": [
				"x64"
			],
			"libc": [
				"musl"
			],
			"license": "Apache-2.0",
			"optional": true,
			"os": [
				"linux"
			]
		},
		"node_modules/@llamaindex/liteparse-win32-arm64-msvc": {
			"version": "2.5.1",
			"resolved": "https://registry.npmjs.org/@llamaindex/liteparse-win32-arm64-msvc/-/liteparse-win32-arm64-msvc-2.5.1.tgz",
			"integrity": "sha512-Dq5lS8afst3T3q7OEV3ZxmLx19auRHvc9lhNpqVED8EaSK5RBmHuFQyZZSTVGvid+cGAE3cpmfbQvhbH0kcp4w==",
			"cpu": [
				"arm64"
			],
			"license": "Apache-2.0",
			"optional": true,
			"os": [
				"win32"
			]
		},
		"node_modules/@llamaindex/liteparse-win32-x64-msvc": {
			"version": "2.5.1",
			"resolved": "https://registry.npmjs.org/@llamaindex/liteparse-win32-x64-msvc/-/liteparse-win32-x64-msvc-2.5.1.tgz",
			"integrity": "sha512-2hfeM9iEUJ75GnNVk086ZYg8kji6eijKEEmy9af0L5dPK6EhDrpREcQHEoKoSQJJwhR7ySIqilu0PBofI7W62Q==",
			"cpu": [
				"x64"
			],
			"license": "Apache-2.0",
			"optional": true,
			"os": [
				"win32"
			]
		},
		"node_modules/commander": {
			"version": "12.1.0",
			"resolved": "https://registry.npmjs.org/commander/-/commander-12.1.0.tgz",
			"integrity": "sha512-Vw8qHK3bZM9y/P10u3Vib8o/DdkvA2OtPtZvD871QKjy74Wj1WSKFILMPRPSdUSx5RFK1arlJzEtA4PkFgnbuA==",
			"license": "MIT",
			"engines": {
				"node": ">=18"
			}
		}
	}
}
